
Microsoft Visual Studio Solution File, Format Version 12.00
# Visual Studio Version 17
VisualStudioVersion = 17.5.002.0
MinimumVisualStudioVersion = 10.0.40219.1
Project("{9A19103F-16F7-4668-BE54-9A1E7A4F7556}") = "Marqi.Test", "Marqi.Test\Marqi.Test.csproj", "{EB999969-F1A6-4C94-9F85-A7246931B3B6}"
EndProject
Project("{9A19103F-16F7-4668-BE54-9A1E7A4F7556}") = "Marqi.Common", "Marqi.Common\Marqi.Common.csproj", "{ED43D3DD-A6E6-45F5-BCB0-1DCAF1F4C201}"
EndProject
Project("{9A19103F-16F7-4668-BE54-9A1E7A4F7556}") = "Marqi", "Marqi\Marqi.csproj", "{1C089A65-7B32-42FC-A32E-1C79F994E26A}"
EndProject
Project("{9A19103F-16F7-4668-BE54-9A1E7A4F7556}") = "Marqi.RGBServer", "Marqi.RGBServer\Marqi.RGBServer.csproj", "{0A53218E-5990-495A-B615-0C5250E0A1AF}"
EndProject
Global
	GlobalSection(SolutionConfigurationPlatforms) = preSolution
		Debug|Any CPU = Debug|Any CPU
		Release|Any CPU = Release|Any CPU
	EndGlobalSection
	GlobalSection(ProjectConfigurationPlatforms) = postSolution
		{EB999969-F1A6-4C94-9F85-A7246931B3B6}.Debug|Any CPU.ActiveCfg = Debug|Any CPU
		{EB999969-F1A6-4C94-9F85-A7246931B3B6}.Debug|Any CPU.Build.0 = Debug|Any CPU
		{EB999969-F1A6-4C94-9F85-A7246931B3B6}.Release|Any CPU.ActiveCfg = Release|Any CPU
		{EB999969-F1A6-4C94-9F85-A7246931B3B6}.Release|Any CPU.Build.0 = Release|Any CPU
		{ED43D3DD-A6E6-45F5-BCB0-1DCAF1F4C201}.Debug|Any CPU.ActiveCfg = Debug|Any CPU
		{ED43D3DD-A6E6-45F5-BCB0-1DCAF1F4C201}.Debug|Any CPU.Build.0 = Debug|Any CPU
		{ED43D3DD-A6E6-45F5-BCB0-1DCAF1F4C201}.Release|Any CPU.ActiveCfg = Release|Any CPU
		{ED43D3DD-A6E6-45F5-BCB0-1DCAF1F4C201}.Release|Any CPU.Build.0 = Release|Any CPU
		{1C089A65-7B32-42FC-A32E-1C79F994E26A}.Debug|Any CPU.ActiveCfg = Debug|Any CPU
		{1C089A65-7B32-42FC-A32E-1C79F994E26A}.Debug|Any CPU.Build.0 = Debug|Any CPU
		{1C089A65-7B32-42FC-A32E-1C79F994E26A}.Release|Any CPU.ActiveCfg = Release|Any CPU
		{1C089A65-7B32-42FC-A32E-1C79F994E26A}.Release|Any CPU.Build.0 = Release|Any CPU
		{0A53218E-5990-495A-B615-0C5250E0A1AF}.Debug|Any CPU.ActiveCfg = Debug|Any CPU
		{0A53218E-5990-495A-B615-0C5250E0A1AF}.Debug|Any CPU.Build.0 = Debug|Any CPU
		{0A53218E-5990-495A-B615-0C5250E0A1AF}.Release|Any CPU.ActiveCfg = Release|Any CPU
		{0A53218E-5990-495A-B615-0C5250E0A1AF}.Release|Any CPU.Build.0 = Release|Any CPU
	EndGlobalSection
	GlobalSection(SolutionProperties) = preSolution
		HideSolutionNode = FALSE
	EndGlobalSection
	GlobalSection(ExtensibilityGlobals) = postSolution
		SolutionGuid = {D15FD93D-4B76-484B-83FF-82640C262FF4}
	EndGlobalSection
EndGlobal
